
Microsoft Visual Studio Solution File, Format Version 12.00
# Visual Studio Version 16
VisualStudioVersion = 16.0.31321.278
MinimumVisualStudioVersion = 10.0.40219.1
Project("{FAE04EC0-301F-11D3-BF4B-00C04F79EFBC}") = "KT_WebApplication", "KT_WebApplication.csproj", "{048BB537-47FB-40FB-8D63-F7495FE63800}"
EndProject
Global
	GlobalSection(SolutionConfigurationPlatforms) = preSolution
		Debug|Any CPU = Debug|Any CPU
		Release|Any CPU = Release|Any CPU
	EndGlobalSection
	GlobalSection(ProjectConfigurationPlatforms) = postSolution
		{048BB537-47FB-40FB-8D63-F7495FE63800}.Debug|Any CPU.ActiveCfg = Debug|Any CPU
		{048BB537-47FB-40FB-8D63-F7495FE63800}.Debug|Any CPU.Build.0 = Debug|Any CPU
		{048BB537-47FB-40FB-8D63-F7495FE63800}.Release|Any CPU.ActiveCfg = Release|Any CPU
		{048BB537-47FB-40FB-8D63-F7495FE63800}.Release|Any CPU.Build.0 = Release|Any CPU
	EndGlobalSection
	GlobalSection(SolutionProperties) = preSolution
		HideSolutionNode = FALSE
	EndGlobalSection
	GlobalSection(ExtensibilityGlobals) = postSolution
		SolutionGuid = {E538D250-6722-41C6-A0E4-6C7A9AB91F4E}
	EndGlobalSection
EndGlobal
